
Microsoft Visual Studio Solution File, Format Version 12.00
# Visual Studio Version 16
VisualStudioVersion = 16.0.30804.86
MinimumVisualStudioVersion = 10.0.40219.1
Project("{8BC9CEB8-8B4A-11D0-8D11-00A0C91BC942}") = "Tetris", "ConsoleApplication2.vcxproj", "{C0A8557E-A939-4F3A-B2C8-71FE437E4AED}"
EndProject
Global
	GlobalSection(SolutionConfigurationPlatforms) = preSolution
		Debug|x64 = Debug|x64
		Debug|x86 = Debug|x86
		Release|x64 = Release|x64
		Release|x86 = Release|x86
	EndGlobalSection
	GlobalSection(ProjectConfigurationPlatforms) = postSolution
		{C0A8557E-A939-4F3A-B2C8-71FE437E4AED}.Debug|x64.ActiveCfg = Debug|x64
		{C0A8557E-A939-4F3A-B2C8-71FE437E4AED}.Debug|x64.Build.0 = Debug|x64
		{C0A8557E-A939-4F3A-B2C8-71FE437E4AED}.Debug|x86.ActiveCfg = Debug|Win32
		{C0A8557E-A939-4F3A-B2C8-71FE437E4AED}.Debug|x86.Build.0 = Debug|Win32
		{C0A8557E-A939-4F3A-B2C8-71FE437E4AED}.Release|x64.ActiveCfg = Release|x64
		{C0A8557E-A939-4F3A-B2C8-71FE437E4AED}.Release|x64.Build.0 = Release|x64
		{C0A8557E-A939-4F3A-B2C8-71FE437E4AED}.Release|x86.ActiveCfg = Release|Win32
		{C0A8557E-A939-4F3A-B2C8-71FE437E4AED}.Release|x86.Build.0 = Release|Win32
	EndGlobalSection
	GlobalSection(SolutionProperties) = preSolution
		HideSolutionNode = FALSE
	EndGlobalSection
	GlobalSection(ExtensibilityGlobals) = postSolution
		SolutionGuid = {380B4DB0-B3E2-4F26-8D6A-2451E75B88B3}
	EndGlobalSection
EndGlobal
